{
  "lockfileVersion": 1,
  "configVersion": 1,
  "workspaces": {
    "": {
      "name": "src-tauri",
    },
    "packages/inject": {
      "name": "@soundcloud-desktop/inject",
      "dependencies": {
        "@tauri-apps/api": "^2.10.1",
        "zustand": "^5.0.12",
      },
      "devDependencies": {
        "@biomejs/biome": "^2.4.9",
        "@types/backbone": "^1.4.23",
      },
      "peerDependencies": {
        "@types/bun": "^1.3.11",
        "typescript": "^5",
      },
    },
  },
  "packages": {
    "@biomejs/biome": ["@biomejs/biome@2.4.9", "", { "optionalDependencies": { "@biomejs/cli-darwin-arm64": "2.4.9", "@biomejs/cli-darwin-x64": "2.4.9", "@biomejs/cli-linux-arm64": "2.4.9", "@biomejs/cli-linux-arm64-musl": "2.4.9", "@biomejs/cli-linux-x64": "2.4.9", "@biomejs/cli-linux-x64-musl": "2.4.9", "@biomejs/cli-win32-arm64": "2.4.9", "@biomejs/cli-win32-x64": "2.4.9" }, "bin": { "biome": "bin/biome" } }, "sha512-wvZW92FrwitTcacvCBT8xdAbfbxWfDLwjYMmU3djjqQTh7Ni4ZdiWIT/x5VcZ+RQuxiKzIOzi5D+dcyJDFZMsA=="],

    "@biomejs/cli-darwin-arm64": ["@biomejs/cli-darwin-arm64@2.4.9", "", { "os": "darwin", "cpu": "arm64" }, "sha512-d5G8Gf2RpH5pYwiHLPA+UpG3G9TLQu4WM+VK6sfL7K68AmhcEQ9r+nkj/DvR/GYhYox6twsHUtmWWWIKfcfQQA=="],

    "@biomejs/cli-darwin-x64": ["@biomejs/cli-darwin-x64@2.4.9", "", { "os": "darwin", "cpu": "x64" }, "sha512-LNCLNgqDMG7BLdc3a8aY/dwKPK7+R8/JXJoXjCvZh2gx8KseqBdFDKbhrr7HCWF8SzNhbTaALhTBoh/I6rf9lA=="],

    "@biomejs/cli-linux-arm64": ["@biomejs/cli-linux-arm64@2.4.9", "", { "os": "linux", "cpu": "arm64" }, "sha512-4adnkAUi6K4C/emPRgYznMOcLlUqZdXWM6aIui4VP4LraE764g6Q4YguygnAUoxKjKIXIWPteKMgRbN0wsgwcg=="],

    "@biomejs/cli-linux-arm64-musl": ["@biomejs/cli-linux-arm64-musl@2.4.9", "", { "os": "linux", "cpu": "arm64" }, "sha512-8RCww5xnPn2wpK4L/QDGDOW0dq80uVWfppPxHIUg6mOs9B6gRmqPp32h1Ls3T8GnW8Wo5A8u7vpTwz4fExN+sw=="],

    "@biomejs/cli-linux-x64": ["@biomejs/cli-linux-x64@2.4.9", "", { "os": "linux", "cpu": "x64" }, "sha512-L10na7POF0Ks/cgLFNF1ZvIe+X4onLkTi5oP9hY+Rh60Q+7fWzKDDCeGyiHUFf1nGIa9dQOOUPGe2MyYg8nMSQ=="],

    "@biomejs/cli-linux-x64-musl": ["@biomejs/cli-linux-x64-musl@2.4.9", "", { "os": "linux", "cpu": "x64" }, "sha512-5TD+WS9v5vzXKzjetF0hgoaNFHMcpQeBUwKKVi3JbG1e9UCrFuUK3Gt185fyTzvRdwYkJJEMqglRPjmesmVv4A=="],

    "@biomejs/cli-win32-arm64": ["@biomejs/cli-win32-arm64@2.4.9", "", { "os": "win32", "cpu": "arm64" }, "sha512-aDZr0RBC3sMGJOU10BvG7eZIlWLK/i51HRIfScE2lVhfts2dQTreowLiJJd+UYg/tHKxS470IbzpuKmd0MiD6g=="],

    "@biomejs/cli-win32-x64": ["@biomejs/cli-win32-x64@2.4.9", "", { "os": "win32", "cpu": "x64" }, "sha512-NS4g/2G9SoQ4ktKtz31pvyc/rmgzlcIDCGU/zWbmHJAqx6gcRj2gj5Q/guXhoWTzCUaQZDIqiCQXHS7BcGYc0w=="],

    "@soundcloud-desktop/inject": ["@soundcloud-desktop/inject@workspace:packages/inject"],

    "@tauri-apps/api": ["@tauri-apps/api@2.10.1", "", {}, "sha512-hKL/jWf293UDSUN09rR69hrToyIXBb8CjGaWC7gfinvnQrBVvnLr08FeFi38gxtugAVyVcTa5/FD/Xnkb1siBw=="],

    "@types/backbone": ["@types/backbone@1.4.23", "", { "dependencies": { "@types/jquery": "*", "@types/underscore": "*" } }, "sha512-B/hN/DAJdWFOusEkEoa5xgfVuxJJPOR/6JQ2uwURPDyKL24PuC76IR6EcSRJ6lvGWtxHRQYMJQhJYm6KpMDtGQ=="],

    "@types/bun": ["@types/bun@1.3.11", "", { "dependencies": { "bun-types": "1.3.11" } }, "sha512-5vPne5QvtpjGpsGYXiFyycfpDF2ECyPcTSsFBMa0fraoxiQyMJ3SmuQIGhzPg2WJuWxVBoxWJ2kClYTcw/4fAg=="],

    "@types/jquery": ["@types/jquery@4.0.0", "", {}, "sha512-Z+to+A2VkaHq1DfI2oSwsoCdhCHMpTSgjWzNcbNlRGYzksDBpPUgEcAL+RQjOBJRaLoEAOHXxqDGBVP+BblBwg=="],

    "@types/node": ["@types/node@25.5.0", "", { "dependencies": { "undici-types": "~7.18.0" } }, "sha512-jp2P3tQMSxWugkCUKLRPVUpGaL5MVFwF8RDuSRztfwgN1wmqJeMSbKlnEtQqU8UrhTmzEmZdu2I6v2dpp7XIxw=="],

    "@types/underscore": ["@types/underscore@1.13.0", "", {}, "sha512-L6LBgy1f0EFQZ+7uSA57+n2g/s4Qs5r06Vwrwn0/nuK1de+adz00NWaztRQ30aEqw5qOaWbPI8u2cGQ52lj6VA=="],

    "bun-types": ["bun-types@1.3.11", "", { "dependencies": { "@types/node": "*" } }, "sha512-1KGPpoxQWl9f6wcZh57LvrPIInQMn2TQ7jsgxqpRzg+l0QPOFvJVH7HmvHo/AiPgwXy+/Thf6Ov3EdVn1vOabg=="],

    "typescript": ["typescript@5.9.3", "", { "bin": { "tsc": "bin/tsc", "tsserver": "bin/tsserver" } }, "sha512-jl1vZzPDinLr9eUt3J/t7V6FgNEw9QjvBPdysz9KfQDD41fQrC2Y4vKQdiaUpFT4bXlb1RHhLpp8wtm6M5TgSw=="],

    "undici-types": ["undici-types@7.18.2", "", {}, "sha512-AsuCzffGHJybSaRrmr5eHr81mwJU3kjw6M+uprWvCXiNeN9SOGwQ3Jn8jb8m3Z6izVgknn1R0FTCEAP2QrLY/w=="],

    "zustand": ["zustand@5.0.12", "", { "peerDependencies": { "@types/react": ">=18.0.0", "immer": ">=9.0.6", "react": ">=18.0.0", "use-sync-external-store": ">=1.2.0" }, "optionalPeers": ["@types/react", "immer", "react", "use-sync-external-store"] }, "sha512-i77ae3aZq4dhMlRhJVCYgMLKuSiZAaUPAct2AksxQ+gOtimhGMdXljRT21P5BNpeT4kXlLIckvkPM029OljD7g=="],
  }
}
